
Microsoft Visual Studio Solution File, Format Version 12.00
# Visual Studio 15
VisualStudioVersion = 15.0.27703.1
MinimumVisualStudioVersion = 10.0.40219.1
Project("{888888A0-9F3D-457C-B088-3A5042F75D52}") = "scriptJson", "scriptJson\scriptJson.pyproj", "{7DFC509C-1D0F-43AC-8663-C827A358A2AE}"
EndProject
Global
	GlobalSection(SolutionConfigurationPlatforms) = preSolution
		Debug|Any CPU = Debug|Any CPU
		Release|Any CPU = Release|Any CPU
	EndGlobalSection
	GlobalSection(ProjectConfigurationPlatforms) = postSolution
		{7DFC509C-1D0F-43AC-8663-C827A358A2AE}.Debug|Any CPU.ActiveCfg = Debug|Any CPU
		{7DFC509C-1D0F-43AC-8663-C827A358A2AE}.Release|Any CPU.ActiveCfg = Release|Any CPU
	EndGlobalSection
	GlobalSection(SolutionProperties) = preSolution
		HideSolutionNode = FALSE
	EndGlobalSection
	GlobalSection(ExtensibilityGlobals) = postSolution
		SolutionGuid = {55B3D3A5-1F40-4027-9AF7-4B259EEC6BF1}
	EndGlobalSection
EndGlobal
